{
  "name": "quickcopy",
  "version": "0.0.1",
  "lockfileVersion": 1,
  "requires": true,
  "dependencies": {
    "@ionic/core": {
      "version": "5.0.0-rc.3",
      "resolved": "https://registry.npmjs.org/@ionic/core/-/core-5.0.0-rc.3.tgz",
      "integrity": "sha512-3fIVUIVXlClAOjg/eqFYmxYPJr9+2KvYrGtTl0qQFy0Obwvog6VGZJ62eqoZxuJB9Qeg6wdrDqDbHWMa0ksIpg==",
      "requires": {
        "ionicons": "5.0.0-17",
        "tslib": "^1.10.0"
      }
    },
    "@stencil/core": {
      "version": "1.9.0-15",
      "resolved": "https://registry.npmjs.org/@stencil/core/-/core-1.9.0-15.tgz",
      "integrity": "sha512-INV2+42jTC/uSb9ZtNadC5BN8PACvnYxBjoUR/Rq+VYCh7c/GDjhGqn23raywRJUh3j0RlcFuUn+yPsbrh1/ww==",
      "dev": true,
      "requires": {
        "typescript": "3.7.5"
      }
    },
    "idb-keyval": {
      "version": "3.2.0",
      "resolved": "https://registry.npmjs.org/idb-keyval/-/idb-keyval-3.2.0.tgz",
      "integrity": "sha512-slx8Q6oywCCSfKgPgL0sEsXtPVnSbTLWpyiDcu6msHOyKOLari1TD1qocXVCft80umnkk3/Qqh3lwoFt8T/BPQ=="
    },
    "ionicons": {
      "version": "5.0.0-17",
      "resolved": "https://registry.npmjs.org/ionicons/-/ionicons-5.0.0-17.tgz",
      "integrity": "sha512-Ih63KBQiPLTnEkCyC/g3fBWl2c0Id7581opRzHe6cxO2Vs6vymskkhdinEUwAYuqUvJY3mYasxpMqSF5W5GLsQ=="
    },
    "tslib": {
      "version": "1.10.0",
      "resolved": "https://registry.npmjs.org/tslib/-/tslib-1.10.0.tgz",
      "integrity": "sha512-qOebF53frne81cf0S9B41ByenJ3/IuH8yJKngAX35CmiZySA0khhkovshKK+jGCaMnVomla7gVlIcc3EvKPbTQ=="
    },
    "typescript": {
      "version": "3.7.5",
      "resolved": "https://registry.npmjs.org/typescript/-/typescript-3.7.5.tgz",
      "integrity": "sha512-/P5lkRXkWHNAbcJIiHPfRoKqyd7bsyCma1hZNUGfn20qm64T6ZBlrzprymeu918H+mB/0rIg2gGK/BXkhhYgBw==",
      "dev": true
    }
  }
}
